// !$*UTF8*$!
{
	archiveVersion = 1;
	classes = {
	};
	objectVersion = 56;
	objects = {

/* Begin PBXBuildFile section */
		96E5D9CF29791EDE0069C447 /* AppDelegate.swift in Sources */ = {isa = PBXBuildFile; fileRef = 96E5D9CE29791EDE0069C447 /* AppDelegate.swift */; };
		96E5D9D129791EDE0069C447 /* SceneDelegate.swift in Sources */ = {isa = PBXBuildFile; fileRef = 96E5D9D029791EDE0069C447 /* SceneDelegate.swift */; };
		96E5D9D329791EDE0069C447 /* RMTabBarViewController.swift in Sources */ = {isa = PBXBuildFile; fileRef = 96E5D9D229791EDE0069C447 /* RMTabBarViewController.swift */; };
		96E5D9D829791EDF0069C447 /* Assets.xcassets in Resources */ = {isa = PBXBuildFile; fileRef = 96E5D9D729791EDF0069C447 /* Assets.xcassets */; };
		96E5D9DB29791EDF0069C447 /* LaunchScreen.storyboard in Resources */ = {isa = PBXBuildFile; fileRef = 96E5D9D929791EDF0069C447 /* LaunchScreen.storyboard */; };
		96E5D9EA297921F30069C447 /* RMLocation.swift in Sources */ = {isa = PBXBuildFile; fileRef = 96E5D9E9297921F30069C447 /* RMLocation.swift */; };
		96E5D9EC297922020069C447 /* RMCharacter.swift in Sources */ = {isa = PBXBuildFile; fileRef = 96E5D9EB297922020069C447 /* RMCharacter.swift */; };
		96E5D9EE2979221A0069C447 /* RMEpisode.swift in Sources */ = {isa = PBXBuildFile; fileRef = 96E5D9ED2979221A0069C447 /* RMEpisode.swift */; };
		96E5D9F32979229D0069C447 /* RMCharacterViewController.swift in Sources */ = {isa = PBXBuildFile; fileRef = 96E5D9F22979229D0069C447 /* RMCharacterViewController.swift */; };
		96E5D9F6297922B30069C447 /* RMLocationViewController.swift in Sources */ = {isa = PBXBuildFile; fileRef = 96E5D9F5297922B30069C447 /* RMLocationViewController.swift */; };
		96E5D9F8297922CF0069C447 /* RMEpisodeViewController.swift in Sources */ = {isa = PBXBuildFile; fileRef = 96E5D9F7297922CF0069C447 /* RMEpisodeViewController.swift */; };
		96E5D9FA297922DD0069C447 /* RMSettingsViewController.swift in Sources */ = {isa = PBXBuildFile; fileRef = 96E5D9F9297922DD0069C447 /* RMSettingsViewController.swift */; };
/* End PBXBuildFile section */

/* Begin PBXFileReference section */
		96E5D9CB29791EDE0069C447 /* RickAndMorty.app */ = {isa = PBXFileReference; explicitFileType = wrapper.application; includeInIndex = 0; path = RickAndMorty.app; sourceTree = BUILT_PRODUCTS_DIR; };
		96E5D9CE29791EDE0069C447 /* AppDelegate.swift */ = {isa = PBXFileReference; lastKnownFileType = sourcecode.swift; path = AppDelegate.swift; sourceTree = "<group>"; };
		96E5D9D029791EDE0069C447 /* SceneDelegate.swift */ = {isa = PBXFileReference; lastKnownFileType = sourcecode.swift; path = SceneDelegate.swift; sourceTree = "<group>"; };
		96E5D9D229791EDE0069C447 /* RMTabBarViewController.swift */ = {isa = PBXFileReference; lastKnownFileType = sourcecode.swift; path = RMTabBarViewController.swift; sourceTree = "<group>"; };
		96E5D9D729791EDF0069C447 /* Assets.xcassets */ = {isa = PBXFileReference; lastKnownFileType = folder.assetcatalog; path = Assets.xcassets; sourceTree = "<group>"; };
		96E5D9DA29791EDF0069C447 /* Base */ = {isa = PBXFileReference; lastKnownFileType = file.storyboard; name = Base; path = Base.lproj/LaunchScreen.storyboard; sourceTree = "<group>"; };
		96E5D9DC29791EDF0069C447 /* Info.plist */ = {isa = PBXFileReference; lastKnownFileType = text.plist.xml; path = Info.plist; sourceTree = "<group>"; };
		96E5D9E9297921F30069C447 /* RMLocation.swift */ = {isa = PBXFileReference; lastKnownFileType = sourcecode.swift; path = RMLocation.swift; sourceTree = "<group>"; };
		96E5D9EB297922020069C447 /* RMCharacter.swift */ = {isa = PBXFileReference; lastKnownFileType = sourcecode.swift; path = RMCharacter.swift; sourceTree = "<group>"; };
		96E5D9ED2979221A0069C447 /* RMEpisode.swift */ = {isa = PBXFileReference; lastKnownFileType = sourcecode.swift; path = RMEpisode.swift; sourceTree = "<group>"; };
		96E5D9F22979229D0069C447 /* RMCharacterViewController.swift */ = {isa = PBXFileReference; lastKnownFileType = sourcecode.swift; path = RMCharacterViewController.swift; sourceTree = "<group>"; };
		96E5D9F5297922B30069C447 /* RMLocationViewController.swift */ = {isa = PBXFileReference; lastKnownFileType = sourcecode.swift; path = RMLocationViewController.swift; sourceTree = "<group>"; };
		96E5D9F7297922CF0069C447 /* RMEpisodeViewController.swift */ = {isa = PBXFileReference; lastKnownFileType = sourcecode.swift; path = RMEpisodeViewController.swift; sourceTree = "<group>"; };
		96E5D9F9297922DD0069C447 /* RMSettingsViewController.swift */ = {isa = PBXFileReference; lastKnownFileType = sourcecode.swift; path = RMSettingsViewController.swift; sourceTree = "<group>"; };
/* End PBXFileReference section */

/* Begin PBXFrameworksBuildPhase section */
		96E5D9C829791EDE0069C447 /* Frameworks */ = {
			isa = PBXFrameworksBuildPhase;
			buildActionMask = 2147483647;
			files = (
			);
			runOnlyForDeploymentPostprocessing = 0;
		};
/* End PBXFrameworksBuildPhase section */

/* Begin PBXGroup section */
		96E5D9C229791EDE0069C447 = {
			isa = PBXGroup;
			children = (
				96E5D9CD29791EDE0069C447 /* RickAndMorty */,
				96E5D9CC29791EDE0069C447 /* Products */,
			);
			sourceTree = "<group>";
		};
		96E5D9CC29791EDE0069C447 /* Products */ = {
			isa = PBXGroup;
			children = (
				96E5D9CB29791EDE0069C447 /* RickAndMorty.app */,
			);
			name = Products;
			sourceTree = "<group>";
		};
		96E5D9CD29791EDE0069C447 /* RickAndMorty */ = {
			isa = PBXGroup;
			children = (
				96E5D9E2297920C50069C447 /* Resources */,
				96E5D9E5297920EF0069C447 /* Managers */,
				96E5D9E4297920EC0069C447 /* API Client */,
				96E5D9E3297920E90069C447 /* ViewModels */,
				96E5D9E6297921270069C447 /* View */,
				96E5D9E72979212C0069C447 /* Model */,
				96E5D9E8297921310069C447 /* Controller */,
				96E5D9DC29791EDF0069C447 /* Info.plist */,
			);
			path = RickAndMorty;
			sourceTree = "<group>";
		};
		96E5D9E2297920C50069C447 /* Resources */ = {
			isa = PBXGroup;
			children = (
				96E5D9CE29791EDE0069C447 /* AppDelegate.swift */,
				96E5D9D029791EDE0069C447 /* SceneDelegate.swift */,
				96E5D9D729791EDF0069C447 /* Assets.xcassets */,
				96E5D9D929791EDF0069C447 /* LaunchScreen.storyboard */,
			);
			path = Resources;
			sourceTree = "<group>";
		};
		96E5D9E3297920E90069C447 /* ViewModels */ = {
			isa = PBXGroup;
			children = (
			);
			path = ViewModels;
			sourceTree = "<group>";
		};
		96E5D9E4297920EC0069C447 /* API Client */ = {
			isa = PBXGroup;
			children = (
			);
			path = "API Client";
			sourceTree = "<group>";
		};
		96E5D9E5297920EF0069C447 /* Managers */ = {
			isa = PBXGroup;
			children = (
			);
			path = Managers;
			sourceTree = "<group>";
		};
		96E5D9E6297921270069C447 /* View */ = {
			isa = PBXGroup;
			children = (
			);
			path = View;
			sourceTree = "<group>";
		};
		96E5D9E72979212C0069C447 /* Model */ = {
			isa = PBXGroup;
			children = (
				96E5D9E9297921F30069C447 /* RMLocation.swift */,
				96E5D9EB297922020069C447 /* RMCharacter.swift */,
				96E5D9ED2979221A0069C447 /* RMEpisode.swift */,
			);
			path = Model;
			sourceTree = "<group>";
		};
		96E5D9E8297921310069C447 /* Controller */ = {
			isa = PBXGroup;
			children = (
				96E5D9EF297922700069C447 /* Core */,
			);
			path = Controller;
			sourceTree = "<group>";
		};
		96E5D9EF297922700069C447 /* Core */ = {
			isa = PBXGroup;
			children = (
				96E5D9D229791EDE0069C447 /* RMTabBarViewController.swift */,
				96E5D9F22979229D0069C447 /* RMCharacterViewController.swift */,
				96E5D9F7297922CF0069C447 /* RMEpisodeViewController.swift */,
				96E5D9F9297922DD0069C447 /* RMSettingsViewController.swift */,
				96E5D9F5297922B30069C447 /* RMLocationViewController.swift */,
			);
			path = Core;
			sourceTree = "<group>";
		};
/* End PBXGroup section */

/* Begin PBXNativeTarget section */
		96E5D9CA29791EDE0069C447 /* RickAndMorty */ = {
			isa = PBXNativeTarget;
			buildConfigurationList = 96E5D9DF29791EDF0069C447 /* Build configuration list for PBXNativeTarget "RickAndMorty" */;
			buildPhases = (
				96E5D9C729791EDE0069C447 /* Sources */,
				96E5D9C829791EDE0069C447 /* Frameworks */,
				96E5D9C929791EDE0069C447 /* Resources */,
			);
			buildRules = (
			);
			dependencies = (
			);
			name = RickAndMorty;
			productName = RickAndMorty;
			productReference = 96E5D9CB29791EDE0069C447 /* RickAndMorty.app */;
			productType = "com.apple.product-type.application";
		};
/* End PBXNativeTarget section */

/* Begin PBXProject section */
		96E5D9C329791EDE0069C447 /* Project object */ = {
			isa = PBXProject;
			attributes = {
				BuildIndependentTargetsInParallel = 1;
				LastSwiftUpdateCheck = 1420;
				LastUpgradeCheck = 1420;
				TargetAttributes = {
					96E5D9CA29791EDE0069C447 = {
						CreatedOnToolsVersion = 14.2;
					};
				};
			};
			buildConfigurationList = 96E5D9C629791EDE0069C447 /* Build configuration list for PBXProject "RickAndMorty" */;
			compatibilityVersion = "Xcode 14.0";
			developmentRegion = en;
			hasScannedForEncodings = 0;
			knownRegions = (
				en,
				Base,
			);
			mainGroup = 96E5D9C229791EDE0069C447;
			productRefGroup = 96E5D9CC29791EDE0069C447 /* Products */;
			projectDirPath = "";
			projectRoot = "";
			targets = (
				96E5D9CA29791EDE0069C447 /* RickAndMorty */,
			);
		};
/* End PBXProject section */

/* Begin PBXResourcesBuildPhase section */
		96E5D9C929791EDE0069C447 /* Resources */ = {
			isa = PBXResourcesBuildPhase;
			buildActionMask = 2147483647;
			files = (
				96E5D9DB29791EDF0069C447 /* LaunchScreen.storyboard in Resources */,
				96E5D9D829791EDF0069C447 /* Assets.xcassets in Resources */,
			);
			runOnlyForDeploymentPostprocessing = 0;
		};
/* End PBXResourcesBuildPhase section */

/* Begin PBXSourcesBuildPhase section */
		96E5D9C729791EDE0069C447 /* Sources */ = {
			isa = PBXSourcesBuildPhase;
			buildActionMask = 2147483647;
			files = (
				96E5D9F6297922B30069C447 /* RMLocationViewController.swift in Sources */,
				96E5D9EE2979221A0069C447 /* RMEpisode.swift in Sources */,
				96E5D9D329791EDE0069C447 /* RMTabBarViewController.swift in Sources */,
				96E5D9F8297922CF0069C447 /* RMEpisodeViewController.swift in Sources */,
				96E5D9CF29791EDE0069C447 /* AppDelegate.swift in Sources */,
				96E5D9D129791EDE0069C447 /* SceneDelegate.swift in Sources */,
				96E5D9FA297922DD0069C447 /* RMSettingsViewController.swift in Sources */,
				96E5D9EA297921F30069C447 /* RMLocation.swift in Sources */,
				96E5D9EC297922020069C447 /* RMCharacter.swift in Sources */,
				96E5D9F32979229D0069C447 /* RMCharacterViewController.swift in Sources */,
			);
			runOnlyForDeploymentPostprocessing = 0;
		};
/* End PBXSourcesBuildPhase section */

/* Begin PBXVariantGroup section */
		96E5D9D929791EDF0069C447 /* LaunchScreen.storyboard */ = {
			isa = PBXVariantGroup;
			children = (
				96E5D9DA29791EDF0069C447 /* Base */,
			);
			name = LaunchScreen.storyboard;
			sourceTree = "<group>";
		};
/* End PBXVariantGroup section */

/* Begin XCBuildConfiguration section */
		96E5D9DD29791EDF0069C447 /* Debug */ = {
			isa = XCBuildConfiguration;
			buildSettings = {
				ALWAYS_SEARCH_USER_PATHS = NO;
				CLANG_ANALYZER_NONNULL = YES;
				CLANG_ANALYZER_NUMBER_OBJECT_CONVERSION = YES_AGGRESSIVE;
				CLANG_CXX_LANGUAGE_STANDARD = "gnu++20";
				CLANG_ENABLE_MODULES = YES;
				CLANG_ENABLE_OBJC_ARC = YES;
				CLANG_ENABLE_OBJC_WEAK = YES;
				CLANG_WARN_BLOCK_CAPTURE_AUTORELEASING = YES;
				CLANG_WARN_BOOL_CONVERSION = YES;
				CLANG_WARN_COMMA = YES;
				CLANG_WARN_CONSTANT_CONVERSION = YES;
				CLANG_WARN_DEPRECATED_OBJC_IMPLEMENTATIONS = YES;
				CLANG_WARN_DIRECT_OBJC_ISA_USAGE = YES_ERROR;
				CLANG_WARN_DOCUMENTATION_COMMENTS = YES;
				CLANG_WARN_EMPTY_BODY = YES;
				CLANG_WARN_ENUM_CONVERSION = YES;
				CLANG_WARN_INFINITE_RECURSION = YES;
				CLANG_WARN_INT_CONVERSION = YES;
				CLANG_WARN_NON_LITERAL_NULL_CONVERSION = YES;
				CLANG_WARN_OBJC_IMPLICIT_RETAIN_SELF = YES;
				CLANG_WARN_OBJC_LITERAL_CONVERSION = YES;
				CLANG_WARN_OBJC_ROOT_CLASS = YES_ERROR;
				CLANG_WARN_QUOTED_INCLUDE_IN_FRAMEWORK_HEADER = YES;
				CLANG_WARN_RANGE_LOOP_ANALYSIS = YES;
				CLANG_WARN_STRICT_PROTOTYPES = YES;
				CLANG_WARN_SUSPICIOUS_MOVE = YES;
				CLANG_WARN_UNGUARDED_AVAILABILITY = YES_AGGRESSIVE;
				CLANG_WARN_UNREACHABLE_CODE = YES;
				CLANG_WARN__DUPLICATE_METHOD_MATCH = YES;
				COPY_PHASE_STRIP = NO;
				DEBUG_INFORMATION_FORMAT = dwarf;
				ENABLE_STRICT_OBJC_MSGSEND = YES;
				ENABLE_TESTABILITY = YES;
				GCC_C_LANGUAGE_STANDARD = gnu11;
				GCC_DYNAMIC_NO_PIC = NO;
				GCC_NO_COMMON_BLOCKS = YES;
				GCC_OPTIMIZATION_LEVEL = 0;
				GCC_PREPROCESSOR_DEFINITIONS = (
					"DEBUG=1",
					"$(inherited)",
				);
				GCC_WARN_64_TO_32_BIT_CONVERSION = YES;
				GCC_WARN_ABOUT_RETURN_TYPE = YES_ERROR;
				GCC_WARN_UNDECLARED_SELECTOR = YES;
				GCC_WARN_UNINITIALIZED_AUTOS = YES_AGGRESSIVE;
				GCC_WARN_UNUSED_FUNCTION = YES;
				GCC_WARN_UNUSED_VARIABLE = YES;
				IPHONEOS_DEPLOYMENT_TARGET = 16.2;
				MTL_ENABLE_DEBUG_INFO = INCLUDE_SOURCE;
				MTL_FAST_MATH = YES;
				ONLY_ACTIVE_ARCH = YES;
				SDKROOT = iphoneos;
				SWIFT_ACTIVE_COMPILATION_CONDITIONS = DEBUG;
				SWIFT_OPTIMIZATION_LEVEL = "-Onone";
			};
			name = Debug;
		};
		96E5D9DE29791EDF0069C447 /* Release */ = {
			isa = XCBuildConfiguration;
			buildSettings = {
				ALWAYS_SEARCH_USER_PATHS = NO;
				CLANG_ANALYZER_NONNULL = YES;
				CLANG_ANALYZER_NUMBER_OBJECT_CONVERSION = YES_AGGRESSIVE;
				CLANG_CXX_LANGUAGE_STANDARD = "gnu++20";
				CLANG_ENABLE_MODULES = YES;
				CLANG_ENABLE_OBJC_ARC = YES;
				CLANG_ENABLE_OBJC_WEAK = YES;
				CLANG_WARN_BLOCK_CAPTURE_AUTORELEASING = YES;
				CLANG_WARN_BOOL_CONVERSION = YES;
				CLANG_WARN_COMMA = YES;
				CLANG_WARN_CONSTANT_CONVERSION = YES;
				CLANG_WARN_DEPRECATED_OBJC_IMPLEMENTATIONS = YES;
				CLANG_WARN_DIRECT_OBJC_ISA_USAGE = YES_ERROR;
				CLANG_WARN_DOCUMENTATION_COMMENTS = YES;
				CLANG_WARN_EMPTY_BODY = YES;
				CLANG_WARN_ENUM_CONVERSION = YES;
				CLANG_WARN_INFINITE_RECURSION = YES;
				CLANG_WARN_INT_CONVERSION = YES;
				CLANG_WARN_NON_LITERAL_NULL_CONVERSION = YES;
				CLANG_WARN_OBJC_IMPLICIT_RETAIN_SELF = YES;
				CLANG_WARN_OBJC_LITERAL_CONVERSION = YES;
				CLANG_WARN_OBJC_ROOT_CLASS = YES_ERROR;
				CLANG_WARN_QUOTED_INCLUDE_IN_FRAMEWORK_HEADER = YES;
				CLANG_WARN_RANGE_LOOP_ANALYSIS = YES;
				CLANG_WARN_STRICT_PROTOTYPES = YES;
				CLANG_WARN_SUSPICIOUS_MOVE = YES;
				CLANG_WARN_UNGUARDED_AVAILABILITY = YES_AGGRESSIVE;
				CLANG_WARN_UNREACHABLE_CODE = YES;
				CLANG_WARN__DUPLICATE_METHOD_MATCH = YES;
				COPY_PHASE_STRIP = NO;
				DEBUG_INFORMATION_FORMAT = "dwarf-with-dsym";
				ENABLE_NS_ASSERTIONS = NO;
				ENABLE_STRICT_OBJC_MSGSEND = YES;
				GCC_C_LANGUAGE_STANDARD = gnu11;
				GCC_NO_COMMON_BLOCKS = YES;
				GCC_WARN_64_TO_32_BIT_CONVERSION = YES;
				GCC_WARN_ABOUT_RETURN_TYPE = YES_ERROR;
				GCC_WARN_UNDECLARED_SELECTOR = YES;
				GCC_WARN_UNINITIALIZED_AUTOS = YES_AGGRESSIVE;
				GCC_WARN_UNUSED_FUNCTION = YES;
				GCC_WARN_UNUSED_VARIABLE = YES;
				IPHONEOS_DEPLOYMENT_TARGET = 16.2;
				MTL_ENABLE_DEBUG_INFO = NO;
				MTL_FAST_MATH = YES;
				SDKROOT = iphoneos;
				SWIFT_COMPILATION_MODE = wholemodule;
				SWIFT_OPTIMIZATION_LEVEL = "-O";
				VALIDATE_PRODUCT = YES;
			};
			name = Release;
		};
		96E5D9E029791EDF0069C447 /* Debug */ = {
			isa = XCBuildConfiguration;
			buildSettings = {
				ASSETCATALOG_COMPILER_APPICON_NAME = AppIcon;
				ASSETCATALOG_COMPILER_GLOBAL_ACCENT_COLOR_NAME = AccentColor;
				CODE_SIGN_STYLE = Automatic;
				CURRENT_PROJECT_VERSION = 1;
				GENERATE_INFOPLIST_FILE = YES;
				INFOPLIST_FILE = RickAndMorty/Info.plist;
				INFOPLIST_KEY_UIApplicationSupportsIndirectInputEvents = YES;
				INFOPLIST_KEY_UILaunchStoryboardName = LaunchScreen;
				INFOPLIST_KEY_UISupportedInterfaceOrientations_iPad = "UIInterfaceOrientationPortrait UIInterfaceOrientationPortraitUpsideDown UIInterfaceOrientationLandscapeLeft UIInterfaceOrientationLandscapeRight";
				INFOPLIST_KEY_UISupportedInterfaceOrientations_iPhone = "UIInterfaceOrientationPortrait UIInterfaceOrientationLandscapeLeft UIInterfaceOrientationLandscapeRight";
				LD_RUNPATH_SEARCH_PATHS = (
					"$(inherited)",
					"@executable_path/Frameworks",
				);
				MARKETING_VERSION = 1.0;
				PRODUCT_BUNDLE_IDENTIFIER = com.ashish.RickAndMorty;
				PRODUCT_NAME = "$(TARGET_NAME)";
				SWIFT_EMIT_LOC_STRINGS = YES;
				SWIFT_VERSION = 5.0;
				TARGETED_DEVICE_FAMILY = "1,2";
			};
			name = Debug;
		};
		96E5D9E129791EDF0069C447 /* Release */ = {
			isa = XCBuildConfiguration;
			buildSettings = {
				ASSETCATALOG_COMPILER_APPICON_NAME = AppIcon;
				ASSETCATALOG_COMPILER_GLOBAL_ACCENT_COLOR_NAME = AccentColor;
				CODE_SIGN_STYLE = Automatic;
				CURRENT_PROJECT_VERSION = 1;
				GENERATE_INFOPLIST_FILE = YES;
				INFOPLIST_FILE = RickAndMorty/Info.plist;
				INFOPLIST_KEY_UIApplicationSupportsIndirectInputEvents = YES;
				INFOPLIST_KEY_UILaunchStoryboardName = LaunchScreen;
				INFOPLIST_KEY_UISupportedInterfaceOrientations_iPad = "UIInterfaceOrientationPortrait UIInterfaceOrientationPortraitUpsideDown UIInterfaceOrientationLandscapeLeft UIInterfaceOrientationLandscapeRight";
				INFOPLIST_KEY_UISupportedInterfaceOrientations_iPhone = "UIInterfaceOrientationPortrait UIInterfaceOrientationLandscapeLeft UIInterfaceOrientationLandscapeRight";
				LD_RUNPATH_SEARCH_PATHS = (
					"$(inherited)",
					"@executable_path/Frameworks",
				);
				MARKETING_VERSION = 1.0;
				PRODUCT_BUNDLE_IDENTIFIER = com.ashish.RickAndMorty;
				PRODUCT_NAME = "$(TARGET_NAME)";
				SWIFT_EMIT_LOC_STRINGS = YES;
				SWIFT_VERSION = 5.0;
				TARGETED_DEVICE_FAMILY = "1,2";
			};
			name = Release;
		};
/* End XCBuildConfiguration section */

/* Begin XCConfigurationList section */
		96E5D9C629791EDE0069C447 /* Build configuration list for PBXProject "RickAndMorty" */ = {
			isa = XCConfigurationList;
			buildConfigurations = (
				96E5D9DD29791EDF0069C447 /* Debug */,
				96E5D9DE29791EDF0069C447 /* Release */,
			);
			defaultConfigurationIsVisible = 0;
			defaultConfigurationName = Release;
		};
		96E5D9DF29791EDF0069C447 /* Build configuration list for PBXNativeTarget "RickAndMorty" */ = {
			isa = XCConfigurationList;
			buildConfigurations = (
				96E5D9E029791EDF0069C447 /* Debug */,
				96E5D9E129791EDF0069C447 /* Release */,
			);
			defaultConfigurationIsVisible = 0;
			defaultConfigurationName = Release;
		};
/* End XCConfigurationList section */
	};
	rootObject = 96E5D9C329791EDE0069C447 /* Project object */;
}
